
Microsoft Visual Studio Solution File, Format Version 12.00
# Visual Studio Version 17
VisualStudioVersion = 17.8.34330.188
MinimumVisualStudioVersion = 10.0.40219.1
Project("{888888A0-9F3D-457C-B088-3A5042F75D52}") = "lesson_5", "lesson_5.pyproj", "{FE8660B9-0E20-483E-849E-E4BDD87A67D2}"
EndProject
Global
	GlobalSection(SolutionConfigurationPlatforms) = preSolution
		Debug|Any CPU = Debug|Any CPU
		Release|Any CPU = Release|Any CPU
	EndGlobalSection
	GlobalSection(ProjectConfigurationPlatforms) = postSolution
		{FE8660B9-0E20-483E-849E-E4BDD87A67D2}.Debug|Any CPU.ActiveCfg = Debug|Any CPU
		{FE8660B9-0E20-483E-849E-E4BDD87A67D2}.Release|Any CPU.ActiveCfg = Release|Any CPU
	EndGlobalSection
	GlobalSection(SolutionProperties) = preSolution
		HideSolutionNode = FALSE
	EndGlobalSection
	GlobalSection(ExtensibilityGlobals) = postSolution
		SolutionGuid = {E2E4AC35-934D-4F0E-BA9A-9C56A7E6CAE8}
	EndGlobalSection
EndGlobal
